// !$*UTF8*$!
{
	archiveVersion = 1;
	classes = {
	};
	objectVersion = 56;
	objects = {

/* Begin PBXBuildFile section */
		BC18EC542C1D549D0061599B /* AppDelegate.swift in Sources */ = {isa = PBXBuildFile; fileRef = BC18EC532C1D549D0061599B /* AppDelegate.swift */; };
		BC18EC562C1D549D0061599B /* SceneDelegate.swift in Sources */ = {isa = PBXBuildFile; fileRef = BC18EC552C1D549D0061599B /* SceneDelegate.swift */; };
		BC18EC582C1D549D0061599B /* ViewController.swift in Sources */ = {isa = PBXBuildFile; fileRef = BC18EC572C1D549D0061599B /* ViewController.swift */; };
		BC18EC5B2C1D549D0061599B /* Base in Resources */ = {isa = PBXBuildFile; fileRef = BC18EC5A2C1D549D0061599B /* Base */; };
		BC18EC5D2C1D549F0061599B /* Assets.xcassets in Resources */ = {isa = PBXBuildFile; fileRef = BC18EC5C2C1D549F0061599B /* Assets.xcassets */; };
		BC18EC602C1D549F0061599B /* Base in Resources */ = {isa = PBXBuildFile; fileRef = BC18EC5F2C1D549F0061599B /* Base */; };
		BC18EC6B2C1D549F0061599B /* CI_CD_Example_GitHubActionTests.swift in Sources */ = {isa = PBXBuildFile; fileRef = BC18EC6A2C1D549F0061599B /* CI_CD_Example_GitHubActionTests.swift */; };
		BC18EC752C1D549F0061599B /* CI_CD_Example_GitHubActionUITests.swift in Sources */ = {isa = PBXBuildFile; fileRef = BC18EC742C1D549F0061599B /* CI_CD_Example_GitHubActionUITests.swift */; };
		BC18EC772C1D549F0061599B /* CI_CD_Example_GitHubActionUITestsLaunchTests.swift in Sources */ = {isa = PBXBuildFile; fileRef = BC18EC762C1D549F0061599B /* CI_CD_Example_GitHubActionUITestsLaunchTests.swift */; };
/* End PBXBuildFile section */

/* Begin PBXContainerItemProxy section */
		BC18EC672C1D549F0061599B /* PBXContainerItemProxy */ = {
			isa = PBXContainerItemProxy;
			containerPortal = BC18EC482C1D549D0061599B /* Project object */;
			proxyType = 1;
			remoteGlobalIDString = BC18EC4F2C1D549D0061599B;
			remoteInfo = "CI-CD_Example_GitHubAction";
		};
		BC18EC712C1D549F0061599B /* PBXContainerItemProxy */ = {
			isa = PBXContainerItemProxy;
			containerPortal = BC18EC482C1D549D0061599B /* Project object */;
			proxyType = 1;
			remoteGlobalIDString = BC18EC4F2C1D549D0061599B;
			remoteInfo = "CI-CD_Example_GitHubAction";
		};
/* End PBXContainerItemProxy section */

/* Begin PBXFileReference section */
		BC18EC502C1D549D0061599B /* CI-CD_Example_GitHubAction.app */ = {isa = PBXFileReference; explicitFileType = wrapper.application; includeInIndex = 0; path = "CI-CD_Example_GitHubAction.app"; sourceTree = BUILT_PRODUCTS_DIR; };
		BC18EC532C1D549D0061599B /* AppDelegate.swift */ = {isa = PBXFileReference; lastKnownFileType = sourcecode.swift; path = AppDelegate.swift; sourceTree = "<group>"; };
		BC18EC552C1D549D0061599B /* SceneDelegate.swift */ = {isa = PBXFileReference; lastKnownFileType = sourcecode.swift; path = SceneDelegate.swift; sourceTree = "<group>"; };
		BC18EC572C1D549D0061599B /* ViewController.swift */ = {isa = PBXFileReference; lastKnownFileType = sourcecode.swift; path = ViewController.swift; sourceTree = "<group>"; };
		BC18EC5A2C1D549D0061599B /* Base */ = {isa = PBXFileReference; lastKnownFileType = file.storyboard; name = Base; path = Base.lproj/Main.storyboard; sourceTree = "<group>"; };
		BC18EC5C2C1D549F0061599B /* Assets.xcassets */ = {isa = PBXFileReference; lastKnownFileType = folder.assetcatalog; path = Assets.xcassets; sourceTree = "<group>"; };
		BC18EC5F2C1D549F0061599B /* Base */ = {isa = PBXFileReference; lastKnownFileType = file.storyboard; name = Base; path = Base.lproj/LaunchScreen.storyboard; sourceTree = "<group>"; };
		BC18EC612C1D549F0061599B /* Info.plist */ = {isa = PBXFileReference; lastKnownFileType = text.plist.xml; path = Info.plist; sourceTree = "<group>"; };
		BC18EC662C1D549F0061599B /* CI-CD_Example_GitHubActionTests.xctest */ = {isa = PBXFileReference; explicitFileType = wrapper.cfbundle; includeInIndex = 0; path = "CI-CD_Example_GitHubActionTests.xctest"; sourceTree = BUILT_PRODUCTS_DIR; };
		BC18EC6A2C1D549F0061599B /* CI_CD_Example_GitHubActionTests.swift */ = {isa = PBXFileReference; lastKnownFileType = sourcecode.swift; path = CI_CD_Example_GitHubActionTests.swift; sourceTree = "<group>"; };
		BC18EC702C1D549F0061599B /* CI-CD_Example_GitHubActionUITests.xctest */ = {isa = PBXFileReference; explicitFileType = wrapper.cfbundle; includeInIndex = 0; path = "CI-CD_Example_GitHubActionUITests.xctest"; sourceTree = BUILT_PRODUCTS_DIR; };
		BC18EC742C1D549F0061599B /* CI_CD_Example_GitHubActionUITests.swift */ = {isa = PBXFileReference; lastKnownFileType = sourcecode.swift; path = CI_CD_Example_GitHubActionUITests.swift; sourceTree = "<group>"; };
		BC18EC762C1D549F0061599B /* CI_CD_Example_GitHubActionUITestsLaunchTests.swift */ = {isa = PBXFileReference; lastKnownFileType = sourcecode.swift; path = CI_CD_Example_GitHubActionUITestsLaunchTests.swift; sourceTree = "<group>"; };
/* End PBXFileReference section */

/* Begin PBXFrameworksBuildPhase section */
		BC18EC4D2C1D549D0061599B /* Frameworks */ = {
			isa = PBXFrameworksBuildPhase;
			buildActionMask = 2147483647;
			files = (
			);
			runOnlyForDeploymentPostprocessing = 0;
		};
		BC18EC632C1D549F0061599B /* Frameworks */ = {
			isa = PBXFrameworksBuildPhase;
			buildActionMask = 2147483647;
			files = (
			);
			runOnlyForDeploymentPostprocessing = 0;
		};
		BC18EC6D2C1D549F0061599B /* Frameworks */ = {
			isa = PBXFrameworksBuildPhase;
			buildActionMask = 2147483647;
			files = (
			);
			runOnlyForDeploymentPostprocessing = 0;
		};
/* End PBXFrameworksBuildPhase section */

/* Begin PBXGroup section */
		BC18EC472C1D549D0061599B = {
			isa = PBXGroup;
			children = (
				BC18EC522C1D549D0061599B /* CI-CD_Example_GitHubAction */,
				BC18EC692C1D549F0061599B /* CI-CD_Example_GitHubActionTests */,
				BC18EC732C1D549F0061599B /* CI-CD_Example_GitHubActionUITests */,
				BC18EC512C1D549D0061599B /* Products */,
			);
			sourceTree = "<group>";
		};
		BC18EC512C1D549D0061599B /* Products */ = {
			isa = PBXGroup;
			children = (
				BC18EC502C1D549D0061599B /* CI-CD_Example_GitHubAction.app */,
				BC18EC662C1D549F0061599B /* CI-CD_Example_GitHubActionTests.xctest */,
				BC18EC702C1D549F0061599B /* CI-CD_Example_GitHubActionUITests.xctest */,
			);
			name = Products;
			sourceTree = "<group>";
		};
		BC18EC522C1D549D0061599B /* CI-CD_Example_GitHubAction */ = {
			isa = PBXGroup;
			children = (
				BC18EC532C1D549D0061599B /* AppDelegate.swift */,
				BC18EC552C1D549D0061599B /* SceneDelegate.swift */,
				BC18EC572C1D549D0061599B /* ViewController.swift */,
				BC18EC592C1D549D0061599B /* Main.storyboard */,
				BC18EC5C2C1D549F0061599B /* Assets.xcassets */,
				BC18EC5E2C1D549F0061599B /* LaunchScreen.storyboard */,
				BC18EC612C1D549F0061599B /* Info.plist */,
			);
			path = "CI-CD_Example_GitHubAction";
			sourceTree = "<group>";
		};
		BC18EC692C1D549F0061599B /* CI-CD_Example_GitHubActionTests */ = {
			isa = PBXGroup;
			children = (
				BC18EC6A2C1D549F0061599B /* CI_CD_Example_GitHubActionTests.swift */,
			);
			path = "CI-CD_Example_GitHubActionTests";
			sourceTree = "<group>";
		};
		BC18EC732C1D549F0061599B /* CI-CD_Example_GitHubActionUITests */ = {
			isa = PBXGroup;
			children = (
				BC18EC742C1D549F0061599B /* CI_CD_Example_GitHubActionUITests.swift */,
				BC18EC762C1D549F0061599B /* CI_CD_Example_GitHubActionUITestsLaunchTests.swift */,
			);
			path = "CI-CD_Example_GitHubActionUITests";
			sourceTree = "<group>";
		};
/* End PBXGroup section */

/* Begin PBXNativeTarget section */
		BC18EC4F2C1D549D0061599B /* CI-CD_Example_GitHubAction */ = {
			isa = PBXNativeTarget;
			buildConfigurationList = BC18EC7A2C1D549F0061599B /* Build configuration list for PBXNativeTarget "CI-CD_Example_GitHubAction" */;
			buildPhases = (
				BC18EC4C2C1D549D0061599B /* Sources */,
				BC18EC4D2C1D549D0061599B /* Frameworks */,
				BC18EC4E2C1D549D0061599B /* Resources */,
			);
			buildRules = (
			);
			dependencies = (
			);
			name = "CI-CD_Example_GitHubAction";
			productName = "CI-CD_Example_GitHubAction";
			productReference = BC18EC502C1D549D0061599B /* CI-CD_Example_GitHubAction.app */;
			productType = "com.apple.product-type.application";
		};
		BC18EC652C1D549F0061599B /* CI-CD_Example_GitHubActionTests */ = {
			isa = PBXNativeTarget;
			buildConfigurationList = BC18EC7D2C1D549F0061599B /* Build configuration list for PBXNativeTarget "CI-CD_Example_GitHubActionTests" */;
			buildPhases = (
				BC18EC622C1D549F0061599B /* Sources */,
				BC18EC632C1D549F0061599B /* Frameworks */,
				BC18EC642C1D549F0061599B /* Resources */,
			);
			buildRules = (
			);
			dependencies = (
				BC18EC682C1D549F0061599B /* PBXTargetDependency */,
			);
			name = "CI-CD_Example_GitHubActionTests";
			productName = "CI-CD_Example_GitHubActionTests";
			productReference = BC18EC662C1D549F0061599B /* CI-CD_Example_GitHubActionTests.xctest */;
			productType = "com.apple.product-type.bundle.unit-test";
		};
		BC18EC6F2C1D549F0061599B /* CI-CD_Example_GitHubActionUITests */ = {
			isa = PBXNativeTarget;
			buildConfigurationList = BC18EC802C1D549F0061599B /* Build configuration list for PBXNativeTarget "CI-CD_Example_GitHubActionUITests" */;
			buildPhases = (
				BC18EC6C2C1D549F0061599B /* Sources */,
				BC18EC6D2C1D549F0061599B /* Frameworks */,
				BC18EC6E2C1D549F0061599B /* Resources */,
			);
			buildRules = (
			);
			dependencies = (
				BC18EC722C1D549F0061599B /* PBXTargetDependency */,
			);
			name = "CI-CD_Example_GitHubActionUITests";
			productName = "CI-CD_Example_GitHubActionUITests";
			productReference = BC18EC702C1D549F0061599B /* CI-CD_Example_GitHubActionUITests.xctest */;
			productType = "com.apple.product-type.bundle.ui-testing";
		};
/* End PBXNativeTarget section */

/* Begin PBXProject section */
		BC18EC482C1D549D0061599B /* Project object */ = {
			isa = PBXProject;
			attributes = {
				BuildIndependentTargetsInParallel = 1;
				LastSwiftUpdateCheck = 1540;
				LastUpgradeCheck = 1540;
				TargetAttributes = {
					BC18EC4F2C1D549D0061599B = {
						CreatedOnToolsVersion = 15.4;
					};
					BC18EC652C1D549F0061599B = {
						CreatedOnToolsVersion = 15.4;
						TestTargetID = BC18EC4F2C1D549D0061599B;
					};
					BC18EC6F2C1D549F0061599B = {
						CreatedOnToolsVersion = 15.4;
						TestTargetID = BC18EC4F2C1D549D0061599B;
					};
				};
			};
			buildConfigurationList = BC18EC4B2C1D549D0061599B /* Build configuration list for PBXProject "CI-CD_Example_GitHubAction" */;
			compatibilityVersion = "Xcode 14.0";
			developmentRegion = en;
			hasScannedForEncodings = 0;
			knownRegions = (
				en,
				Base,
			);
			mainGroup = BC18EC472C1D549D0061599B;
			productRefGroup = BC18EC512C1D549D0061599B /* Products */;
			projectDirPath = "";
			projectRoot = "";
			targets = (
				BC18EC4F2C1D549D0061599B /* CI-CD_Example_GitHubAction */,
				BC18EC652C1D549F0061599B /* CI-CD_Example_GitHubActionTests */,
				BC18EC6F2C1D549F0061599B /* CI-CD_Example_GitHubActionUITests */,
			);
		};
/* End PBXProject section */

/* Begin PBXResourcesBuildPhase section */
		BC18EC4E2C1D549D0061599B /* Resources */ = {
			isa = PBXResourcesBuildPhase;
			buildActionMask = 2147483647;
			files = (
				BC18EC5D2C1D549F0061599B /* Assets.xcassets in Resources */,
				BC18EC602C1D549F0061599B /* Base in Resources */,
				BC18EC5B2C1D549D0061599B /* Base in Resources */,
			);
			runOnlyForDeploymentPostprocessing = 0;
		};
		BC18EC642C1D549F0061599B /* Resources */ = {
			isa = PBXResourcesBuildPhase;
			buildActionMask = 2147483647;
			files = (
			);
			runOnlyForDeploymentPostprocessing = 0;
		};
		BC18EC6E2C1D549F0061599B /* Resources */ = {
			isa = PBXResourcesBuildPhase;
			buildActionMask = 2147483647;
			files = (
			);
			runOnlyForDeploymentPostprocessing = 0;
		};
/* End PBXResourcesBuildPhase section */

/* Begin PBXSourcesBuildPhase section */
		BC18EC4C2C1D549D0061599B /* Sources */ = {
			isa = PBXSourcesBuildPhase;
			buildActionMask = 2147483647;
			files = (
				BC18EC582C1D549D0061599B /* ViewController.swift in Sources */,
				BC18EC542C1D549D0061599B /* AppDelegate.swift in Sources */,
				BC18EC562C1D549D0061599B /* SceneDelegate.swift in Sources */,
			);
			runOnlyForDeploymentPostprocessing = 0;
		};
		BC18EC622C1D549F0061599B /* Sources */ = {
			isa = PBXSourcesBuildPhase;
			buildActionMask = 2147483647;
			files = (
				BC18EC6B2C1D549F0061599B /* CI_CD_Example_GitHubActionTests.swift in Sources */,
			);
			runOnlyForDeploymentPostprocessing = 0;
		};
		BC18EC6C2C1D549F0061599B /* Sources */ = {
			isa = PBXSourcesBuildPhase;
			buildActionMask = 2147483647;
			files = (
				BC18EC752C1D549F0061599B /* CI_CD_Example_GitHubActionUITests.swift in Sources */,
				BC18EC772C1D549F0061599B /* CI_CD_Example_GitHubActionUITestsLaunchTests.swift in Sources */,
			);
			runOnlyForDeploymentPostprocessing = 0;
		};
/* End PBXSourcesBuildPhase section */

/* Begin PBXTargetDependency section */
		BC18EC682C1D549F0061599B /* PBXTargetDependency */ = {
			isa = PBXTargetDependency;
			target = BC18EC4F2C1D549D0061599B /* CI-CD_Example_GitHubAction */;
			targetProxy = BC18EC672C1D549F0061599B /* PBXContainerItemProxy */;
		};
		BC18EC722C1D549F0061599B /* PBXTargetDependency */ = {
			isa = PBXTargetDependency;
			target = BC18EC4F2C1D549D0061599B /* CI-CD_Example_GitHubAction */;
			targetProxy = BC18EC712C1D549F0061599B /* PBXContainerItemProxy */;
		};
/* End PBXTargetDependency section */

/* Begin PBXVariantGroup section */
		BC18EC592C1D549D0061599B /* Main.storyboard */ = {
			isa = PBXVariantGroup;
			children = (
				BC18EC5A2C1D549D0061599B /* Base */,
			);
			name = Main.storyboard;
			sourceTree = "<group>";
		};
		BC18EC5E2C1D549F0061599B /* LaunchScreen.storyboard */ = {
			isa = PBXVariantGroup;
			children = (
				BC18EC5F2C1D549F0061599B /* Base */,
			);
			name = LaunchScreen.storyboard;
			sourceTree = "<group>";
		};
/* End PBXVariantGroup section */

/* Begin XCBuildConfiguration section */
		BC18EC782C1D549F0061599B /* Debug */ = {
			isa = XCBuildConfiguration;
			buildSettings = {
				ALWAYS_SEARCH_USER_PATHS = NO;
				ASSETCATALOG_COMPILER_GENERATE_SWIFT_ASSET_SYMBOL_EXTENSIONS = YES;
				CLANG_ANALYZER_NONNULL = YES;
				CLANG_ANALYZER_NUMBER_OBJECT_CONVERSION = YES_AGGRESSIVE;
				CLANG_CXX_LANGUAGE_STANDARD = "gnu++20";
				CLANG_ENABLE_MODULES = YES;
				CLANG_ENABLE_OBJC_ARC = YES;
				CLANG_ENABLE_OBJC_WEAK = YES;
				CLANG_WARN_BLOCK_CAPTURE_AUTORELEASING = YES;
				CLANG_WARN_BOOL_CONVERSION = YES;
				CLANG_WARN_COMMA = YES;
				CLANG_WARN_CONSTANT_CONVERSION = YES;
				CLANG_WARN_DEPRECATED_OBJC_IMPLEMENTATIONS = YES;
				CLANG_WARN_DIRECT_OBJC_ISA_USAGE = YES_ERROR;
				CLANG_WARN_DOCUMENTATION_COMMENTS = YES;
				CLANG_WARN_EMPTY_BODY = YES;
				CLANG_WARN_ENUM_CONVERSION = YES;
				CLANG_WARN_INFINITE_RECURSION = YES;
				CLANG_WARN_INT_CONVERSION = YES;
				CLANG_WARN_NON_LITERAL_NULL_CONVERSION = YES;
				CLANG_WARN_OBJC_IMPLICIT_RETAIN_SELF = YES;
				CLANG_WARN_OBJC_LITERAL_CONVERSION = YES;
				CLANG_WARN_OBJC_ROOT_CLASS = YES_ERROR;
				CLANG_WARN_QUOTED_INCLUDE_IN_FRAMEWORK_HEADER = YES;
				CLANG_WARN_RANGE_LOOP_ANALYSIS = YES;
				CLANG_WARN_STRICT_PROTOTYPES = YES;
				CLANG_WARN_SUSPICIOUS_MOVE = YES;
				CLANG_WARN_UNGUARDED_AVAILABILITY = YES_AGGRESSIVE;
				CLANG_WARN_UNREACHABLE_CODE = YES;
				CLANG_WARN__DUPLICATE_METHOD_MATCH = YES;
				COPY_PHASE_STRIP = NO;
				DEBUG_INFORMATION_FORMAT = dwarf;
				ENABLE_STRICT_OBJC_MSGSEND = YES;
				ENABLE_TESTABILITY = YES;
				ENABLE_USER_SCRIPT_SANDBOXING = YES;
				GCC_C_LANGUAGE_STANDARD = gnu17;
				GCC_DYNAMIC_NO_PIC = NO;
				GCC_NO_COMMON_BLOCKS = YES;
				GCC_OPTIMIZATION_LEVEL = 0;
				GCC_PREPROCESSOR_DEFINITIONS = (
					"DEBUG=1",
					"$(inherited)",
				);
				GCC_WARN_64_TO_32_BIT_CONVERSION = YES;
				GCC_WARN_ABOUT_RETURN_TYPE = YES_ERROR;
				GCC_WARN_UNDECLARED_SELECTOR = YES;
				GCC_WARN_UNINITIALIZED_AUTOS = YES_AGGRESSIVE;
				GCC_WARN_UNUSED_FUNCTION = YES;
				GCC_WARN_UNUSED_VARIABLE = YES;
				IPHONEOS_DEPLOYMENT_TARGET = 17.5;
				LOCALIZATION_PREFERS_STRING_CATALOGS = YES;
				MTL_ENABLE_DEBUG_INFO = INCLUDE_SOURCE;
				MTL_FAST_MATH = YES;
				ONLY_ACTIVE_ARCH = YES;
				SDKROOT = iphoneos;
				SWIFT_ACTIVE_COMPILATION_CONDITIONS = "DEBUG $(inherited)";
				SWIFT_OPTIMIZATION_LEVEL = "-Onone";
			};
			name = Debug;
		};
		BC18EC792C1D549F0061599B /* Release */ = {
			isa = XCBuildConfiguration;
			buildSettings = {
				ALWAYS_SEARCH_USER_PATHS = NO;
				ASSETCATALOG_COMPILER_GENERATE_SWIFT_ASSET_SYMBOL_EXTENSIONS = YES;
				CLANG_ANALYZER_NONNULL = YES;
				CLANG_ANALYZER_NUMBER_OBJECT_CONVERSION = YES_AGGRESSIVE;
				CLANG_CXX_LANGUAGE_STANDARD = "gnu++20";
				CLANG_ENABLE_MODULES = YES;
				CLANG_ENABLE_OBJC_ARC = YES;
				CLANG_ENABLE_OBJC_WEAK = YES;
				CLANG_WARN_BLOCK_CAPTURE_AUTORELEASING = YES;
				CLANG_WARN_BOOL_CONVERSION = YES;
				CLANG_WARN_COMMA = YES;
				CLANG_WARN_CONSTANT_CONVERSION = YES;
				CLANG_WARN_DEPRECATED_OBJC_IMPLEMENTATIONS = YES;
				CLANG_WARN_DIRECT_OBJC_ISA_USAGE = YES_ERROR;
				CLANG_WARN_DOCUMENTATION_COMMENTS = YES;
				CLANG_WARN_EMPTY_BODY = YES;
				CLANG_WARN_ENUM_CONVERSION = YES;
				CLANG_WARN_INFINITE_RECURSION = YES;
				CLANG_WARN_INT_CONVERSION = YES;
				CLANG_WARN_NON_LITERAL_NULL_CONVERSION = YES;
				CLANG_WARN_OBJC_IMPLICIT_RETAIN_SELF = YES;
				CLANG_WARN_OBJC_LITERAL_CONVERSION = YES;
				CLANG_WARN_OBJC_ROOT_CLASS = YES_ERROR;
				CLANG_WARN_QUOTED_INCLUDE_IN_FRAMEWORK_HEADER = YES;
				CLANG_WARN_RANGE_LOOP_ANALYSIS = YES;
				CLANG_WARN_STRICT_PROTOTYPES = YES;
				CLANG_WARN_SUSPICIOUS_MOVE = YES;
				CLANG_WARN_UNGUARDED_AVAILABILITY = YES_AGGRESSIVE;
				CLANG_WARN_UNREACHABLE_CODE = YES;
				CLANG_WARN__DUPLICATE_METHOD_MATCH = YES;
				COPY_PHASE_STRIP = NO;
				DEBUG_INFORMATION_FORMAT = "dwarf-with-dsym";
				ENABLE_NS_ASSERTIONS = NO;
				ENABLE_STRICT_OBJC_MSGSEND = YES;
				ENABLE_USER_SCRIPT_SANDBOXING = YES;
				GCC_C_LANGUAGE_STANDARD = gnu17;
				GCC_NO_COMMON_BLOCKS = YES;
				GCC_WARN_64_TO_32_BIT_CONVERSION = YES;
				GCC_WARN_ABOUT_RETURN_TYPE = YES_ERROR;
				GCC_WARN_UNDECLARED_SELECTOR = YES;
				GCC_WARN_UNINITIALIZED_AUTOS = YES_AGGRESSIVE;
				GCC_WARN_UNUSED_FUNCTION = YES;
				GCC_WARN_UNUSED_VARIABLE = YES;
				IPHONEOS_DEPLOYMENT_TARGET = 17.5;
				LOCALIZATION_PREFERS_STRING_CATALOGS = YES;
				MTL_ENABLE_DEBUG_INFO = NO;
				MTL_FAST_MATH = YES;
				SDKROOT = iphoneos;
				SWIFT_COMPILATION_MODE = wholemodule;
				VALIDATE_PRODUCT = YES;
			};
			name = Release;
		};
		BC18EC7B2C1D549F0061599B /* Debug */ = {
			isa = XCBuildConfiguration;
			buildSettings = {
				ASSETCATALOG_COMPILER_APPICON_NAME = AppIcon;
				ASSETCATALOG_COMPILER_GLOBAL_ACCENT_COLOR_NAME = AccentColor;
				CODE_SIGN_STYLE = Automatic;
				CURRENT_PROJECT_VERSION = 1;
				DEVELOPMENT_TEAM = N8MX74Y447;
				GENERATE_INFOPLIST_FILE = YES;
				INFOPLIST_FILE = "CI-CD_Example_GitHubAction/Info.plist";
				INFOPLIST_KEY_UIApplicationSupportsIndirectInputEvents = YES;
				INFOPLIST_KEY_UILaunchStoryboardName = LaunchScreen;
				INFOPLIST_KEY_UIMainStoryboardFile = Main;
				INFOPLIST_KEY_UISupportedInterfaceOrientations_iPad = "UIInterfaceOrientationPortrait UIInterfaceOrientationPortraitUpsideDown UIInterfaceOrientationLandscapeLeft UIInterfaceOrientationLandscapeRight";
				INFOPLIST_KEY_UISupportedInterfaceOrientations_iPhone = "UIInterfaceOrientationPortrait UIInterfaceOrientationLandscapeLeft UIInterfaceOrientationLandscapeRight";
				IPHONEOS_DEPLOYMENT_TARGET = 15.0;
				LD_RUNPATH_SEARCH_PATHS = (
					"$(inherited)",
					"@executable_path/Frameworks",
				);
				MARKETING_VERSION = 1.0;
				PRODUCT_BUNDLE_IDENTIFIER = "doyeon.CI-CD-Example-GitHubAction";
				PRODUCT_NAME = "$(TARGET_NAME)";
				SWIFT_EMIT_LOC_STRINGS = YES;
				SWIFT_VERSION = 5.0;
				TARGETED_DEVICE_FAMILY = "1,2";
			};
			name = Debug;
		};
		BC18EC7C2C1D549F0061599B /* Release */ = {
			isa = XCBuildConfiguration;
			buildSettings = {
				ASSETCATALOG_COMPILER_APPICON_NAME = AppIcon;
				ASSETCATALOG_COMPILER_GLOBAL_ACCENT_COLOR_NAME = AccentColor;
				CODE_SIGN_STYLE = Automatic;
				CURRENT_PROJECT_VERSION = 1;
				DEVELOPMENT_TEAM = N8MX74Y447;
				GENERATE_INFOPLIST_FILE = YES;
				INFOPLIST_FILE = "CI-CD_Example_GitHubAction/Info.plist";
				INFOPLIST_KEY_UIApplicationSupportsIndirectInputEvents = YES;
				INFOPLIST_KEY_UILaunchStoryboardName = LaunchScreen;
				INFOPLIST_KEY_UIMainStoryboardFile = Main;
				INFOPLIST_KEY_UISupportedInterfaceOrientations_iPad = "UIInterfaceOrientationPortrait UIInterfaceOrientationPortraitUpsideDown UIInterfaceOrientationLandscapeLeft UIInterfaceOrientationLandscapeRight";
				INFOPLIST_KEY_UISupportedInterfaceOrientations_iPhone = "UIInterfaceOrientationPortrait UIInterfaceOrientationLandscapeLeft UIInterfaceOrientationLandscapeRight";
				IPHONEOS_DEPLOYMENT_TARGET = 15.0;
				LD_RUNPATH_SEARCH_PATHS = (
					"$(inherited)",
					"@executable_path/Frameworks",
				);
				MARKETING_VERSION = 1.0;
				PRODUCT_BUNDLE_IDENTIFIER = "doyeon.CI-CD-Example-GitHubAction";
				PRODUCT_NAME = "$(TARGET_NAME)";
				SWIFT_EMIT_LOC_STRINGS = YES;
				SWIFT_VERSION = 5.0;
				TARGETED_DEVICE_FAMILY = "1,2";
			};
			name = Release;
		};
		BC18EC7E2C1D549F0061599B /* Debug */ = {
			isa = XCBuildConfiguration;
			buildSettings = {
				ALWAYS_EMBED_SWIFT_STANDARD_LIBRARIES = YES;
				BUNDLE_LOADER = "$(TEST_HOST)";
				CODE_SIGN_STYLE = Automatic;
				CURRENT_PROJECT_VERSION = 1;
				DEVELOPMENT_TEAM = N8MX74Y447;
				GENERATE_INFOPLIST_FILE = YES;
				IPHONEOS_DEPLOYMENT_TARGET = 17.5;
				MARKETING_VERSION = 1.0;
				PRODUCT_BUNDLE_IDENTIFIER = "doyeon.CI-CD-Example-GitHubActionTests";
				PRODUCT_NAME = "$(TARGET_NAME)";
				SWIFT_EMIT_LOC_STRINGS = NO;
				SWIFT_VERSION = 5.0;
				TARGETED_DEVICE_FAMILY = "1,2";
				TEST_HOST = "$(BUILT_PRODUCTS_DIR)/CI-CD_Example_GitHubAction.app/$(BUNDLE_EXECUTABLE_FOLDER_PATH)/CI-CD_Example_GitHubAction";
			};
			name = Debug;
		};
		BC18EC7F2C1D549F0061599B /* Release */ = {
			isa = XCBuildConfiguration;
			buildSettings = {
				ALWAYS_EMBED_SWIFT_STANDARD_LIBRARIES = YES;
				BUNDLE_LOADER = "$(TEST_HOST)";
				CODE_SIGN_STYLE = Automatic;
				CURRENT_PROJECT_VERSION = 1;
				DEVELOPMENT_TEAM = N8MX74Y447;
				GENERATE_INFOPLIST_FILE = YES;
				IPHONEOS_DEPLOYMENT_TARGET = 17.5;
				MARKETING_VERSION = 1.0;
				PRODUCT_BUNDLE_IDENTIFIER = "doyeon.CI-CD-Example-GitHubActionTests";
				PRODUCT_NAME = "$(TARGET_NAME)";
				SWIFT_EMIT_LOC_STRINGS = NO;
				SWIFT_VERSION = 5.0;
				TARGETED_DEVICE_FAMILY = "1,2";
				TEST_HOST = "$(BUILT_PRODUCTS_DIR)/CI-CD_Example_GitHubAction.app/$(BUNDLE_EXECUTABLE_FOLDER_PATH)/CI-CD_Example_GitHubAction";
			};
			name = Release;
		};
		BC18EC812C1D549F0061599B /* Debug */ = {
			isa = XCBuildConfiguration;
			buildSettings = {
				ALWAYS_EMBED_SWIFT_STANDARD_LIBRARIES = YES;
				CODE_SIGN_STYLE = Automatic;
				CURRENT_PROJECT_VERSION = 1;
				DEVELOPMENT_TEAM = N8MX74Y447;
				GENERATE_INFOPLIST_FILE = YES;
				MARKETING_VERSION = 1.0;
				PRODUCT_BUNDLE_IDENTIFIER = "doyeon.CI-CD-Example-GitHubActionUITests";
				PRODUCT_NAME = "$(TARGET_NAME)";
				SWIFT_EMIT_LOC_STRINGS = NO;
				SWIFT_VERSION = 5.0;
				TARGETED_DEVICE_FAMILY = "1,2";
				TEST_TARGET_NAME = "CI-CD_Example_GitHubAction";
			};
			name = Debug;
		};
		BC18EC822C1D549F0061599B /* Release */ = {
			isa = XCBuildConfiguration;
			buildSettings = {
				ALWAYS_EMBED_SWIFT_STANDARD_LIBRARIES = YES;
				CODE_SIGN_STYLE = Automatic;
				CURRENT_PROJECT_VERSION = 1;
				DEVELOPMENT_TEAM = N8MX74Y447;
				GENERATE_INFOPLIST_FILE = YES;
				MARKETING_VERSION = 1.0;
				PRODUCT_BUNDLE_IDENTIFIER = "doyeon.CI-CD-Example-GitHubActionUITests";
				PRODUCT_NAME = "$(TARGET_NAME)";
				SWIFT_EMIT_LOC_STRINGS = NO;
				SWIFT_VERSION = 5.0;
				TARGETED_DEVICE_FAMILY = "1,2";
				TEST_TARGET_NAME = "CI-CD_Example_GitHubAction";
			};
			name = Release;
		};
/* End XCBuildConfiguration section */

/* Begin XCConfigurationList section */
		BC18EC4B2C1D549D0061599B /* Build configuration list for PBXProject "CI-CD_Example_GitHubAction" */ = {
			isa = XCConfigurationList;
			buildConfigurations = (
				BC18EC782C1D549F0061599B /* Debug */,
				BC18EC792C1D549F0061599B /* Release */,
			);
			defaultConfigurationIsVisible = 0;
			defaultConfigurationName = Release;
		};
		BC18EC7A2C1D549F0061599B /* Build configuration list for PBXNativeTarget "CI-CD_Example_GitHubAction" */ = {
			isa = XCConfigurationList;
			buildConfigurations = (
				BC18EC7B2C1D549F0061599B /* Debug */,
				BC18EC7C2C1D549F0061599B /* Release */,
			);
			defaultConfigurationIsVisible = 0;
			defaultConfigurationName = Release;
		};
		BC18EC7D2C1D549F0061599B /* Build configuration list for PBXNativeTarget "CI-CD_Example_GitHubActionTests" */ = {
			isa = XCConfigurationList;
			buildConfigurations = (
				BC18EC7E2C1D549F0061599B /* Debug */,
				BC18EC7F2C1D549F0061599B /* Release */,
			);
			defaultConfigurationIsVisible = 0;
			defaultConfigurationName = Release;
		};
		BC18EC802C1D549F0061599B /* Build configuration list for PBXNativeTarget "CI-CD_Example_GitHubActionUITests" */ = {
			isa = XCConfigurationList;
			buildConfigurations = (
				BC18EC812C1D549F0061599B /* Debug */,
				BC18EC822C1D549F0061599B /* Release */,
			);
			defaultConfigurationIsVisible = 0;
			defaultConfigurationName = Release;
		};
/* End XCConfigurationList section */
	};
	rootObject = BC18EC482C1D549D0061599B /* Project object */;
}
